
Microsoft Visual Studio Solution File, Format Version 12.00
# Visual Studio Version 17
VisualStudioVersion = 17.3.32929.385
MinimumVisualStudioVersion = 10.0.40219.1
Project("{FAE04EC0-301F-11D3-BF4B-00C04F79EFBC}") = "Harjoitus1", "Harjoitus1\Harjoitus1.csproj", "{F237561F-B812-4038-A205-A73DA294302E}"
EndProject
Global
	GlobalSection(SolutionConfigurationPlatforms) = preSolution
		Debug|Any CPU = Debug|Any CPU
		Release|Any CPU = Release|Any CPU
	EndGlobalSection
	GlobalSection(ProjectConfigurationPlatforms) = postSolution
		{F237561F-B812-4038-A205-A73DA294302E}.Debug|Any CPU.ActiveCfg = Debug|Any CPU
		{F237561F-B812-4038-A205-A73DA294302E}.Debug|Any CPU.Build.0 = Debug|Any CPU
		{F237561F-B812-4038-A205-A73DA294302E}.Release|Any CPU.ActiveCfg = Release|Any CPU
		{F237561F-B812-4038-A205-A73DA294302E}.Release|Any CPU.Build.0 = Release|Any CPU
	EndGlobalSection
	GlobalSection(SolutionProperties) = preSolution
		HideSolutionNode = FALSE
	EndGlobalSection
	GlobalSection(ExtensibilityGlobals) = postSolution
		SolutionGuid = {35493108-CEF9-4006-B1CA-162DAFF38317}
	EndGlobalSection
EndGlobal
