
Microsoft Visual Studio Solution File, Format Version 12.00
# Visual Studio Version 17
VisualStudioVersion = 17.3.32929.385
MinimumVisualStudioVersion = 10.0.40219.1
Project("{FAE04EC0-301F-11D3-BF4B-00C04F79EFBC}") = "Harjoituss1", "Harjoituss1\Harjoituss1.csproj", "{253CA936-0F46-418C-B491-9DFB48D5FF10}"
EndProject
Global
	GlobalSection(SolutionConfigurationPlatforms) = preSolution
		Debug|Any CPU = Debug|Any CPU
		Release|Any CPU = Release|Any CPU
	EndGlobalSection
	GlobalSection(ProjectConfigurationPlatforms) = postSolution
		{253CA936-0F46-418C-B491-9DFB48D5FF10}.Debug|Any CPU.ActiveCfg = Debug|Any CPU
		{253CA936-0F46-418C-B491-9DFB48D5FF10}.Debug|Any CPU.Build.0 = Debug|Any CPU
		{253CA936-0F46-418C-B491-9DFB48D5FF10}.Release|Any CPU.ActiveCfg = Release|Any CPU
		{253CA936-0F46-418C-B491-9DFB48D5FF10}.Release|Any CPU.Build.0 = Release|Any CPU
	EndGlobalSection
	GlobalSection(SolutionProperties) = preSolution
		HideSolutionNode = FALSE
	EndGlobalSection
	GlobalSection(ExtensibilityGlobals) = postSolution
		SolutionGuid = {E85B9CF1-103F-4F4A-9F76-6A98A66C3D51}
	EndGlobalSection
EndGlobal
