
Microsoft Visual Studio Solution File, Format Version 12.00
# Visual Studio Version 17
VisualStudioVersion = 17.3.32929.385
MinimumVisualStudioVersion = 10.0.40219.1
Project("{FAE04EC0-301F-11D3-BF4B-00C04F79EFBC}") = "Harjoitus 2 Opiskelija", "Harjoitus 2 Opiskelija\Harjoitus 2 Opiskelija.csproj", "{613EF6FF-20F8-4C2B-BF35-F6676277E09E}"
EndProject
Global
	GlobalSection(SolutionConfigurationPlatforms) = preSolution
		Debug|Any CPU = Debug|Any CPU
		Release|Any CPU = Release|Any CPU
	EndGlobalSection
	GlobalSection(ProjectConfigurationPlatforms) = postSolution
		{613EF6FF-20F8-4C2B-BF35-F6676277E09E}.Debug|Any CPU.ActiveCfg = Debug|Any CPU
		{613EF6FF-20F8-4C2B-BF35-F6676277E09E}.Debug|Any CPU.Build.0 = Debug|Any CPU
		{613EF6FF-20F8-4C2B-BF35-F6676277E09E}.Release|Any CPU.ActiveCfg = Release|Any CPU
		{613EF6FF-20F8-4C2B-BF35-F6676277E09E}.Release|Any CPU.Build.0 = Release|Any CPU
	EndGlobalSection
	GlobalSection(SolutionProperties) = preSolution
		HideSolutionNode = FALSE
	EndGlobalSection
	GlobalSection(ExtensibilityGlobals) = postSolution
		SolutionGuid = {C7A68475-C813-4600-AE46-55F9EEF29941}
	EndGlobalSection
EndGlobal
